
Microsoft Visual Studio Solution File, Format Version 12.00
# Visual Studio Version 16
VisualStudioVersion = 16.0.30503.244
MinimumVisualStudioVersion = 10.0.40219.1
Project("{FAE04EC0-301F-11D3-BF4B-00C04F79EFBC}") = "OnlineStore", "OnlineStore\OnlineStore.csproj", "{06CBADAE-B870-4BDF-BA64-EEF15D0119CD}"
EndProject
Project("{FAE04EC0-301F-11D3-BF4B-00C04F79EFBC}") = "OnlineStore.API", "OnlineStore.API\OnlineStore.API.csproj", "{440930D1-90E1-4483-B55D-CE3013AFE9FF}"
EndProject
Project("{FAE04EC0-301F-11D3-BF4B-00C04F79EFBC}") = "OnlineStore.Data", "OnlineStore.Data\OnlineStore.Data.csproj", "{1F074A02-3EBC-4A39-8C9F-504527A085F0}"
EndProject
Global
	GlobalSection(SolutionConfigurationPlatforms) = preSolution
		Debug|Any CPU = Debug|Any CPU
		Release|Any CPU = Release|Any CPU
	EndGlobalSection
	GlobalSection(ProjectConfigurationPlatforms) = postSolution
		{06CBADAE-B870-4BDF-BA64-EEF15D0119CD}.Debug|Any CPU.ActiveCfg = Debug|Any CPU
		{06CBADAE-B870-4BDF-BA64-EEF15D0119CD}.Debug|Any CPU.Build.0 = Debug|Any CPU
		{06CBADAE-B870-4BDF-BA64-EEF15D0119CD}.Release|Any CPU.ActiveCfg = Release|Any CPU
		{06CBADAE-B870-4BDF-BA64-EEF15D0119CD}.Release|Any CPU.Build.0 = Release|Any CPU
		{440930D1-90E1-4483-B55D-CE3013AFE9FF}.Debug|Any CPU.ActiveCfg = Debug|Any CPU
		{440930D1-90E1-4483-B55D-CE3013AFE9FF}.Debug|Any CPU.Build.0 = Debug|Any CPU
		{440930D1-90E1-4483-B55D-CE3013AFE9FF}.Release|Any CPU.ActiveCfg = Release|Any CPU
		{440930D1-90E1-4483-B55D-CE3013AFE9FF}.Release|Any CPU.Build.0 = Release|Any CPU
		{1F074A02-3EBC-4A39-8C9F-504527A085F0}.Debug|Any CPU.ActiveCfg = Debug|Any CPU
		{1F074A02-3EBC-4A39-8C9F-504527A085F0}.Debug|Any CPU.Build.0 = Debug|Any CPU
		{1F074A02-3EBC-4A39-8C9F-504527A085F0}.Release|Any CPU.ActiveCfg = Release|Any CPU
		{1F074A02-3EBC-4A39-8C9F-504527A085F0}.Release|Any CPU.Build.0 = Release|Any CPU
	EndGlobalSection
	GlobalSection(SolutionProperties) = preSolution
		HideSolutionNode = FALSE
	EndGlobalSection
	GlobalSection(ExtensibilityGlobals) = postSolution
		SolutionGuid = {E2E14FB9-AFE3-4D13-8E52-DBC932AB684A}
	EndGlobalSection
EndGlobal
